
Microsoft Visual Studio Solution File, Format Version 12.00
# Visual Studio Version 17
VisualStudioVersion = 17.14.36109.1
MinimumVisualStudioVersion = 10.0.40219.1
Project("{2150E333-8FDC-42A3-9474-1A3956D46DE8}") = "Creational", "Creational", "{02EA681E-C7D8-13C7-8484-4AC65E1B71E8}"
EndProject
Project("{FAE04EC0-301F-11D3-BF4B-00C04F79EFBC}") = "SingletonSample", "SingletonSample\SingletonSample.csproj", "{FC94118A-2062-4974-8E4C-BDC99C103FAC}"
EndProject
Project("{FAE04EC0-301F-11D3-BF4B-00C04F79EFBC}") = "PrototypeSample", "PrototypeSample\PrototypeSample.csproj", "{738896C0-8307-4C9D-846A-B2F96FC45882}"
EndProject
Project("{FAE04EC0-301F-11D3-BF4B-00C04F79EFBC}") = "FactoryMethodSample", "FactoryMethod\FactoryMethodSample.csproj", "{E12923A5-B110-411F-A4A1-4B53D24B0C87}"
EndProject
Project("{FAE04EC0-301F-11D3-BF4B-00C04F79EFBC}") = "AbstractFactorySample", "AbstractFactorySample\AbstractFactorySample.csproj", "{584DE0EF-8442-44A9-9AAD-767BD4C232E6}"
EndProject
Project("{FAE04EC0-301F-11D3-BF4B-00C04F79EFBC}") = "BuilderSample", "BuilderSample\BuilderSample.csproj", "{87DEFB48-2630-42FA-9310-19EB1BD62471}"
EndProject
Project("{2150E333-8FDC-42A3-9474-1A3956D46DE8}") = "Structural", "Structural", "{EF36F7FB-32DD-4C86-AF2B-120A7CC16816}"
EndProject
Project("{FAE04EC0-301F-11D3-BF4B-00C04F79EFBC}") = "AdapterSample", "AdapterSample\AdapterSample.csproj", "{E69AFA80-CF6A-4C14-9ABA-C92EDD0949E2}"
EndProject
Project("{FAE04EC0-301F-11D3-BF4B-00C04F79EFBC}") = "BridgeSample", "BridgeSample\BridgeSample.csproj", "{75AADBA9-A994-4F77-BCED-939A8785CC0A}"
EndProject
Project("{FAE04EC0-301F-11D3-BF4B-00C04F79EFBC}") = "CompositeSample", "CompositeSample\CompositeSample.csproj", "{7CAB449C-0593-432A-A1AE-D1DCDFDC2BDC}"
EndProject
Project("{FAE04EC0-301F-11D3-BF4B-00C04F79EFBC}") = "DecoratorSample", "DecoratorSample\DecoratorSample.csproj", "{D5129A94-81E4-4AC4-A3FB-2F3C1D018DC6}"
EndProject
Project("{FAE04EC0-301F-11D3-BF4B-00C04F79EFBC}") = "FacadeSample", "FacadeSample\FacadeSample.csproj", "{8D9B7C4F-A9A7-4DEC-97D7-8E04C0CD6954}"
EndProject
Project("{FAE04EC0-301F-11D3-BF4B-00C04F79EFBC}") = "FlyweightSample", "FlyweightSample\FlyweightSample.csproj", "{516D6F1D-0D88-4FA7-A4EA-CE920D19F194}"
EndProject
Project("{FAE04EC0-301F-11D3-BF4B-00C04F79EFBC}") = "ProxySample", "ProxySample\ProxySample.csproj", "{874D777E-C32C-4683-953C-43A439158407}"
EndProject
Project("{2150E333-8FDC-42A3-9474-1A3956D46DE8}") = "Behavior", "Behavior", "{38B67685-B94F-4947-A7D2-50CDC6A326B7}"
EndProject
Project("{FAE04EC0-301F-11D3-BF4B-00C04F79EFBC}") = "CoRSample", "CoRSample\CoRSample.csproj", "{631FB475-3526-4898-BB7F-DC0609A0B127}"
EndProject
Project("{FAE04EC0-301F-11D3-BF4B-00C04F79EFBC}") = "CommandSample", "CommandSample\CommandSample.csproj", "{89E8CB47-9973-4078-AB1A-3B7E097B0837}"
EndProject
Project("{FAE04EC0-301F-11D3-BF4B-00C04F79EFBC}") = "IteratorSample", "IteratorSample\IteratorSample.csproj", "{736ED3B6-1D96-459C-A057-58F7BB322F26}"
EndProject
Project("{FAE04EC0-301F-11D3-BF4B-00C04F79EFBC}") = "MediatorSample", "MediatorSample\MediatorSample.csproj", "{C0DE68A6-262E-4E34-9FA0-CDD5B7CE474D}"
EndProject
Project("{FAE04EC0-301F-11D3-BF4B-00C04F79EFBC}") = "MementoSample", "MementoSample\MementoSample.csproj", "{DEB0DEC2-50B2-4C09-B9D2-21076E7EE0A5}"
EndProject
Project("{FAE04EC0-301F-11D3-BF4B-00C04F79EFBC}") = "ObserverSample", "ObserverSample\ObserverSample.csproj", "{CAFF22B6-4300-46E2-A08A-CBC120A0FC0B}"
EndProject
Project("{FAE04EC0-301F-11D3-BF4B-00C04F79EFBC}") = "StateSample", "StateSample\StateSample.csproj", "{8E245C0C-E5D0-41C4-A2F2-2CB6C97A28EE}"
EndProject
Project("{FAE04EC0-301F-11D3-BF4B-00C04F79EFBC}") = "StrategySample", "StrategySample\StrategySample.csproj", "{B16CFA2C-C74D-49F5-8A59-21D61119EE44}"
EndProject
Project("{FAE04EC0-301F-11D3-BF4B-00C04F79EFBC}") = "TemplateMethodSample", "TemplateMethodSample\TemplateMethodSample.csproj", "{F079A6C4-2848-499D-92FC-0A36F785DE5B}"
EndProject
Project("{FAE04EC0-301F-11D3-BF4B-00C04F79EFBC}") = "VisitorTemplate", "VisitorTemplate\VisitorTemplate.csproj", "{072EDAB0-0607-4358-8449-EEAD0BE46202}"
EndProject
Global
	GlobalSection(SolutionConfigurationPlatforms) = preSolution
		Debug|Any CPU = Debug|Any CPU
		Release|Any CPU = Release|Any CPU
	EndGlobalSection
	GlobalSection(ProjectConfigurationPlatforms) = postSolution
		{FC94118A-2062-4974-8E4C-BDC99C103FAC}.Debug|Any CPU.ActiveCfg = Debug|Any CPU
		{FC94118A-2062-4974-8E4C-BDC99C103FAC}.Debug|Any CPU.Build.0 = Debug|Any CPU
		{FC94118A-2062-4974-8E4C-BDC99C103FAC}.Release|Any CPU.ActiveCfg = Release|Any CPU
		{FC94118A-2062-4974-8E4C-BDC99C103FAC}.Release|Any CPU.Build.0 = Release|Any CPU
		{738896C0-8307-4C9D-846A-B2F96FC45882}.Debug|Any CPU.ActiveCfg = Debug|Any CPU
		{738896C0-8307-4C9D-846A-B2F96FC45882}.Debug|Any CPU.Build.0 = Debug|Any CPU
		{738896C0-8307-4C9D-846A-B2F96FC45882}.Release|Any CPU.ActiveCfg = Release|Any CPU
		{738896C0-8307-4C9D-846A-B2F96FC45882}.Release|Any CPU.Build.0 = Release|Any CPU
		{E12923A5-B110-411F-A4A1-4B53D24B0C87}.Debug|Any CPU.ActiveCfg = Debug|Any CPU
		{E12923A5-B110-411F-A4A1-4B53D24B0C87}.Debug|Any CPU.Build.0 = Debug|Any CPU
		{E12923A5-B110-411F-A4A1-4B53D24B0C87}.Release|Any CPU.ActiveCfg = Release|Any CPU
		{E12923A5-B110-411F-A4A1-4B53D24B0C87}.Release|Any CPU.Build.0 = Release|Any CPU
		{584DE0EF-8442-44A9-9AAD-767BD4C232E6}.Debug|Any CPU.ActiveCfg = Debug|Any CPU
		{584DE0EF-8442-44A9-9AAD-767BD4C232E6}.Debug|Any CPU.Build.0 = Debug|Any CPU
		{584DE0EF-8442-44A9-9AAD-767BD4C232E6}.Release|Any CPU.ActiveCfg = Release|Any CPU
		{584DE0EF-8442-44A9-9AAD-767BD4C232E6}.Release|Any CPU.Build.0 = Release|Any CPU
		{87DEFB48-2630-42FA-9310-19EB1BD62471}.Debug|Any CPU.ActiveCfg = Debug|Any CPU
		{87DEFB48-2630-42FA-9310-19EB1BD62471}.Debug|Any CPU.Build.0 = Debug|Any CPU
		{87DEFB48-2630-42FA-9310-19EB1BD62471}.Release|Any CPU.ActiveCfg = Release|Any CPU
		{87DEFB48-2630-42FA-9310-19EB1BD62471}.Release|Any CPU.Build.0 = Release|Any CPU
		{E69AFA80-CF6A-4C14-9ABA-C92EDD0949E2}.Debug|Any CPU.ActiveCfg = Debug|Any CPU
		{E69AFA80-CF6A-4C14-9ABA-C92EDD0949E2}.Debug|Any CPU.Build.0 = Debug|Any CPU
		{E69AFA80-CF6A-4C14-9ABA-C92EDD0949E2}.Release|Any CPU.ActiveCfg = Release|Any CPU
		{E69AFA80-CF6A-4C14-9ABA-C92EDD0949E2}.Release|Any CPU.Build.0 = Release|Any CPU
		{75AADBA9-A994-4F77-BCED-939A8785CC0A}.Debug|Any CPU.ActiveCfg = Debug|Any CPU
		{75AADBA9-A994-4F77-BCED-939A8785CC0A}.Debug|Any CPU.Build.0 = Debug|Any CPU
		{75AADBA9-A994-4F77-BCED-939A8785CC0A}.Release|Any CPU.ActiveCfg = Release|Any CPU
		{75AADBA9-A994-4F77-BCED-939A8785CC0A}.Release|Any CPU.Build.0 = Release|Any CPU
		{7CAB449C-0593-432A-A1AE-D1DCDFDC2BDC}.Debug|Any CPU.ActiveCfg = Debug|Any CPU
		{7CAB449C-0593-432A-A1AE-D1DCDFDC2BDC}.Debug|Any CPU.Build.0 = Debug|Any CPU
		{7CAB449C-0593-432A-A1AE-D1DCDFDC2BDC}.Release|Any CPU.ActiveCfg = Release|Any CPU
		{7CAB449C-0593-432A-A1AE-D1DCDFDC2BDC}.Release|Any CPU.Build.0 = Release|Any CPU
		{D5129A94-81E4-4AC4-A3FB-2F3C1D018DC6}.Debug|Any CPU.ActiveCfg = Debug|Any CPU
		{D5129A94-81E4-4AC4-A3FB-2F3C1D018DC6}.Debug|Any CPU.Build.0 = Debug|Any CPU
		{D5129A94-81E4-4AC4-A3FB-2F3C1D018DC6}.Release|Any CPU.ActiveCfg = Release|Any CPU
		{D5129A94-81E4-4AC4-A3FB-2F3C1D018DC6}.Release|Any CPU.Build.0 = Release|Any CPU
		{8D9B7C4F-A9A7-4DEC-97D7-8E04C0CD6954}.Debug|Any CPU.ActiveCfg = Debug|Any CPU
		{8D9B7C4F-A9A7-4DEC-97D7-8E04C0CD6954}.Debug|Any CPU.Build.0 = Debug|Any CPU
		{8D9B7C4F-A9A7-4DEC-97D7-8E04C0CD6954}.Release|Any CPU.ActiveCfg = Release|Any CPU
		{8D9B7C4F-A9A7-4DEC-97D7-8E04C0CD6954}.Release|Any CPU.Build.0 = Release|Any CPU
		{516D6F1D-0D88-4FA7-A4EA-CE920D19F194}.Debug|Any CPU.ActiveCfg = Debug|Any CPU
		{516D6F1D-0D88-4FA7-A4EA-CE920D19F194}.Debug|Any CPU.Build.0 = Debug|Any CPU
		{516D6F1D-0D88-4FA7-A4EA-CE920D19F194}.Release|Any CPU.ActiveCfg = Release|Any CPU
		{516D6F1D-0D88-4FA7-A4EA-CE920D19F194}.Release|Any CPU.Build.0 = Release|Any CPU
		{874D777E-C32C-4683-953C-43A439158407}.Debug|Any CPU.ActiveCfg = Debug|Any CPU
		{874D777E-C32C-4683-953C-43A439158407}.Debug|Any CPU.Build.0 = Debug|Any CPU
		{874D777E-C32C-4683-953C-43A439158407}.Release|Any CPU.ActiveCfg = Release|Any CPU
		{874D777E-C32C-4683-953C-43A439158407}.Release|Any CPU.Build.0 = Release|Any CPU
		{631FB475-3526-4898-BB7F-DC0609A0B127}.Debug|Any CPU.ActiveCfg = Debug|Any CPU
		{631FB475-3526-4898-BB7F-DC0609A0B127}.Debug|Any CPU.Build.0 = Debug|Any CPU
		{631FB475-3526-4898-BB7F-DC0609A0B127}.Release|Any CPU.ActiveCfg = Release|Any CPU
		{631FB475-3526-4898-BB7F-DC0609A0B127}.Release|Any CPU.Build.0 = Release|Any CPU
		{89E8CB47-9973-4078-AB1A-3B7E097B0837}.Debug|Any CPU.ActiveCfg = Debug|Any CPU
		{89E8CB47-9973-4078-AB1A-3B7E097B0837}.Debug|Any CPU.Build.0 = Debug|Any CPU
		{89E8CB47-9973-4078-AB1A-3B7E097B0837}.Release|Any CPU.ActiveCfg = Release|Any CPU
		{89E8CB47-9973-4078-AB1A-3B7E097B0837}.Release|Any CPU.Build.0 = Release|Any CPU
		{736ED3B6-1D96-459C-A057-58F7BB322F26}.Debug|Any CPU.ActiveCfg = Debug|Any CPU
		{736ED3B6-1D96-459C-A057-58F7BB322F26}.Debug|Any CPU.Build.0 = Debug|Any CPU
		{736ED3B6-1D96-459C-A057-58F7BB322F26}.Release|Any CPU.ActiveCfg = Release|Any CPU
		{736ED3B6-1D96-459C-A057-58F7BB322F26}.Release|Any CPU.Build.0 = Release|Any CPU
		{C0DE68A6-262E-4E34-9FA0-CDD5B7CE474D}.Debug|Any CPU.ActiveCfg = Debug|Any CPU
		{C0DE68A6-262E-4E34-9FA0-CDD5B7CE474D}.Debug|Any CPU.Build.0 = Debug|Any CPU
		{C0DE68A6-262E-4E34-9FA0-CDD5B7CE474D}.Release|Any CPU.ActiveCfg = Release|Any CPU
		{C0DE68A6-262E-4E34-9FA0-CDD5B7CE474D}.Release|Any CPU.Build.0 = Release|Any CPU
		{DEB0DEC2-50B2-4C09-B9D2-21076E7EE0A5}.Debug|Any CPU.ActiveCfg = Debug|Any CPU
		{DEB0DEC2-50B2-4C09-B9D2-21076E7EE0A5}.Debug|Any CPU.Build.0 = Debug|Any CPU
		{DEB0DEC2-50B2-4C09-B9D2-21076E7EE0A5}.Release|Any CPU.ActiveCfg = Release|Any CPU
		{DEB0DEC2-50B2-4C09-B9D2-21076E7EE0A5}.Release|Any CPU.Build.0 = Release|Any CPU
		{CAFF22B6-4300-46E2-A08A-CBC120A0FC0B}.Debug|Any CPU.ActiveCfg = Debug|Any CPU
		{CAFF22B6-4300-46E2-A08A-CBC120A0FC0B}.Debug|Any CPU.Build.0 = Debug|Any CPU
		{CAFF22B6-4300-46E2-A08A-CBC120A0FC0B}.Release|Any CPU.ActiveCfg = Release|Any CPU
		{CAFF22B6-4300-46E2-A08A-CBC120A0FC0B}.Release|Any CPU.Build.0 = Release|Any CPU
		{8E245C0C-E5D0-41C4-A2F2-2CB6C97A28EE}.Debug|Any CPU.ActiveCfg = Debug|Any CPU
		{8E245C0C-E5D0-41C4-A2F2-2CB6C97A28EE}.Debug|Any CPU.Build.0 = Debug|Any CPU
		{8E245C0C-E5D0-41C4-A2F2-2CB6C97A28EE}.Release|Any CPU.ActiveCfg = Release|Any CPU
		{8E245C0C-E5D0-41C4-A2F2-2CB6C97A28EE}.Release|Any CPU.Build.0 = Release|Any CPU
		{B16CFA2C-C74D-49F5-8A59-21D61119EE44}.Debug|Any CPU.ActiveCfg = Debug|Any CPU
		{B16CFA2C-C74D-49F5-8A59-21D61119EE44}.Debug|Any CPU.Build.0 = Debug|Any CPU
		{B16CFA2C-C74D-49F5-8A59-21D61119EE44}.Release|Any CPU.ActiveCfg = Release|Any CPU
		{B16CFA2C-C74D-49F5-8A59-21D61119EE44}.Release|Any CPU.Build.0 = Release|Any CPU
		{F079A6C4-2848-499D-92FC-0A36F785DE5B}.Debug|Any CPU.ActiveCfg = Debug|Any CPU
		{F079A6C4-2848-499D-92FC-0A36F785DE5B}.Debug|Any CPU.Build.0 = Debug|Any CPU
		{F079A6C4-2848-499D-92FC-0A36F785DE5B}.Release|Any CPU.ActiveCfg = Release|Any CPU
		{F079A6C4-2848-499D-92FC-0A36F785DE5B}.Release|Any CPU.Build.0 = Release|Any CPU
		{072EDAB0-0607-4358-8449-EEAD0BE46202}.Debug|Any CPU.ActiveCfg = Debug|Any CPU
		{072EDAB0-0607-4358-8449-EEAD0BE46202}.Debug|Any CPU.Build.0 = Debug|Any CPU
		{072EDAB0-0607-4358-8449-EEAD0BE46202}.Release|Any CPU.ActiveCfg = Release|Any CPU
		{072EDAB0-0607-4358-8449-EEAD0BE46202}.Release|Any CPU.Build.0 = Release|Any CPU
	EndGlobalSection
	GlobalSection(SolutionProperties) = preSolution
		HideSolutionNode = FALSE
	EndGlobalSection
	GlobalSection(NestedProjects) = preSolution
		{FC94118A-2062-4974-8E4C-BDC99C103FAC} = {02EA681E-C7D8-13C7-8484-4AC65E1B71E8}
		{738896C0-8307-4C9D-846A-B2F96FC45882} = {02EA681E-C7D8-13C7-8484-4AC65E1B71E8}
		{E12923A5-B110-411F-A4A1-4B53D24B0C87} = {02EA681E-C7D8-13C7-8484-4AC65E1B71E8}
		{584DE0EF-8442-44A9-9AAD-767BD4C232E6} = {02EA681E-C7D8-13C7-8484-4AC65E1B71E8}
		{87DEFB48-2630-42FA-9310-19EB1BD62471} = {02EA681E-C7D8-13C7-8484-4AC65E1B71E8}
		{E69AFA80-CF6A-4C14-9ABA-C92EDD0949E2} = {EF36F7FB-32DD-4C86-AF2B-120A7CC16816}
		{75AADBA9-A994-4F77-BCED-939A8785CC0A} = {EF36F7FB-32DD-4C86-AF2B-120A7CC16816}
		{7CAB449C-0593-432A-A1AE-D1DCDFDC2BDC} = {EF36F7FB-32DD-4C86-AF2B-120A7CC16816}
		{D5129A94-81E4-4AC4-A3FB-2F3C1D018DC6} = {EF36F7FB-32DD-4C86-AF2B-120A7CC16816}
		{8D9B7C4F-A9A7-4DEC-97D7-8E04C0CD6954} = {EF36F7FB-32DD-4C86-AF2B-120A7CC16816}
		{516D6F1D-0D88-4FA7-A4EA-CE920D19F194} = {EF36F7FB-32DD-4C86-AF2B-120A7CC16816}
		{874D777E-C32C-4683-953C-43A439158407} = {EF36F7FB-32DD-4C86-AF2B-120A7CC16816}
		{631FB475-3526-4898-BB7F-DC0609A0B127} = {38B67685-B94F-4947-A7D2-50CDC6A326B7}
		{89E8CB47-9973-4078-AB1A-3B7E097B0837} = {38B67685-B94F-4947-A7D2-50CDC6A326B7}
		{736ED3B6-1D96-459C-A057-58F7BB322F26} = {38B67685-B94F-4947-A7D2-50CDC6A326B7}
		{C0DE68A6-262E-4E34-9FA0-CDD5B7CE474D} = {38B67685-B94F-4947-A7D2-50CDC6A326B7}
		{DEB0DEC2-50B2-4C09-B9D2-21076E7EE0A5} = {38B67685-B94F-4947-A7D2-50CDC6A326B7}
		{CAFF22B6-4300-46E2-A08A-CBC120A0FC0B} = {38B67685-B94F-4947-A7D2-50CDC6A326B7}
		{8E245C0C-E5D0-41C4-A2F2-2CB6C97A28EE} = {38B67685-B94F-4947-A7D2-50CDC6A326B7}
		{B16CFA2C-C74D-49F5-8A59-21D61119EE44} = {38B67685-B94F-4947-A7D2-50CDC6A326B7}
		{F079A6C4-2848-499D-92FC-0A36F785DE5B} = {38B67685-B94F-4947-A7D2-50CDC6A326B7}
		{072EDAB0-0607-4358-8449-EEAD0BE46202} = {38B67685-B94F-4947-A7D2-50CDC6A326B7}
	EndGlobalSection
	GlobalSection(ExtensibilityGlobals) = postSolution
		SolutionGuid = {11F06AEA-DBAF-426B-B8D3-F9ABFC4FF806}
	EndGlobalSection
EndGlobal
